// !$*UTF8*$!
{
	archiveVersion = 1;
	classes = {
	};
	objectVersion = 77;
	objects = {

/* Begin PBXContainerItemProxy section */
		B6B1956F2E45E9630007FEED /* PBXContainerItemProxy */ = {
			isa = PBXContainerItemProxy;
			containerPortal = B6B195592E45E9620007FEED /* Project object */;
			proxyType = 1;
			remoteGlobalIDString = B6B195602E45E9620007FEED;
			remoteInfo = "Trip Split Bill";
		};
		B6B195792E45E9630007FEED /* PBXContainerItemProxy */ = {
			isa = PBXContainerItemProxy;
			containerPortal = B6B195592E45E9620007FEED /* Project object */;
			proxyType = 1;
			remoteGlobalIDString = B6B195602E45E9620007FEED;
			remoteInfo = "Trip Split Bill";
		};
/* End PBXContainerItemProxy section */

/* Begin PBXFileReference section */
		B6B195612E45E9620007FEED /* Trip Split Bill.app */ = {isa = PBXFileReference; explicitFileType = wrapper.application; includeInIndex = 0; path = "Trip Split Bill.app"; sourceTree = BUILT_PRODUCTS_DIR; };
		B6B1956E2E45E9630007FEED /* Trip Split BillTests.xctest */ = {isa = PBXFileReference; explicitFileType = wrapper.cfbundle; includeInIndex = 0; path = "Trip Split BillTests.xctest"; sourceTree = BUILT_PRODUCTS_DIR; };
		B6B195782E45E9630007FEED /* Trip Split BillUITests.xctest */ = {isa = PBXFileReference; explicitFileType = wrapper.cfbundle; includeInIndex = 0; path = "Trip Split BillUITests.xctest"; sourceTree = BUILT_PRODUCTS_DIR; };
/* End PBXFileReference section */

/* Begin PBXFileSystemSynchronizedRootGroup section */
		B6B195632E45E9620007FEED /* Trip Split Bill */ = {
			isa = PBXFileSystemSynchronizedRootGroup;
			path = "Trip Split Bill";
			sourceTree = "<group>";
		};
		B6B195712E45E9630007FEED /* Trip Split BillTests */ = {
			isa = PBXFileSystemSynchronizedRootGroup;
			path = "Trip Split BillTests";
			sourceTree = "<group>";
		};
		B6B1957B2E45E9630007FEED /* Trip Split BillUITests */ = {
			isa = PBXFileSystemSynchronizedRootGroup;
			path = "Trip Split BillUITests";
			sourceTree = "<group>";
		};
/* End PBXFileSystemSynchronizedRootGroup section */

/* Begin PBXFrameworksBuildPhase section */
		B6B1955E2E45E9620007FEED /* Frameworks */ = {
			isa = PBXFrameworksBuildPhase;
			buildActionMask = 2147483647;
			files = (
			);
			runOnlyForDeploymentPostprocessing = 0;
		};
		B6B1956B2E45E9630007FEED /* Frameworks */ = {
			isa = PBXFrameworksBuildPhase;
			buildActionMask = 2147483647;
			files = (
			);
			runOnlyForDeploymentPostprocessing = 0;
		};
		B6B195752E45E9630007FEED /* Frameworks */ = {
			isa = PBXFrameworksBuildPhase;
			buildActionMask = 2147483647;
			files = (
			);
			runOnlyForDeploymentPostprocessing = 0;
		};
/* End PBXFrameworksBuildPhase section */

/* Begin PBXGroup section */
		B6B195582E45E9620007FEED = {
			isa = PBXGroup;
			children = (
				B6B195632E45E9620007FEED /* Trip Split Bill */,
				B6B195712E45E9630007FEED /* Trip Split BillTests */,
				B6B1957B2E45E9630007FEED /* Trip Split BillUITests */,
				B6B195622E45E9620007FEED /* Products */,
			);
			sourceTree = "<group>";
		};
		B6B195622E45E9620007FEED /* Products */ = {
			isa = PBXGroup;
			children = (
				B6B195612E45E9620007FEED /* Trip Split Bill.app */,
				B6B1956E2E45E9630007FEED /* Trip Split BillTests.xctest */,
				B6B195782E45E9630007FEED /* Trip Split BillUITests.xctest */,
			);
			name = Products;
			sourceTree = "<group>";
		};
/* End PBXGroup section */

/* Begin PBXNativeTarget section */
		B6B195602E45E9620007FEED /* Trip Split Bill */ = {
			isa = PBXNativeTarget;
			buildConfigurationList = B6B195822E45E9630007FEED /* Build configuration list for PBXNativeTarget "Trip Split Bill" */;
			buildPhases = (
				B6B1955D2E45E9620007FEED /* Sources */,
				B6B1955E2E45E9620007FEED /* Frameworks */,
				B6B1955F2E45E9620007FEED /* Resources */,
			);
			buildRules = (
			);
			dependencies = (
			);
			fileSystemSynchronizedGroups = (
				B6B195632E45E9620007FEED /* Trip Split Bill */,
			);
			name = "Trip Split Bill";
			packageProductDependencies = (
			);
			productName = "Trip Split Bill";
			productReference = B6B195612E45E9620007FEED /* Trip Split Bill.app */;
			productType = "com.apple.product-type.application";
		};
		B6B1956D2E45E9630007FEED /* Trip Split BillTests */ = {
			isa = PBXNativeTarget;
			buildConfigurationList = B6B195852E45E9630007FEED /* Build configuration list for PBXNativeTarget "Trip Split BillTests" */;
			buildPhases = (
				B6B1956A2E45E9630007FEED /* Sources */,
				B6B1956B2E45E9630007FEED /* Frameworks */,
				B6B1956C2E45E9630007FEED /* Resources */,
			);
			buildRules = (
			);
			dependencies = (
				B6B195702E45E9630007FEED /* PBXTargetDependency */,
			);
			fileSystemSynchronizedGroups = (
				B6B195712E45E9630007FEED /* Trip Split BillTests */,
			);
			name = "Trip Split BillTests";
			packageProductDependencies = (
			);
			productName = "Trip Split BillTests";
			productReference = B6B1956E2E45E9630007FEED /* Trip Split BillTests.xctest */;
			productType = "com.apple.product-type.bundle.unit-test";
		};
		B6B195772E45E9630007FEED /* Trip Split BillUITests */ = {
			isa = PBXNativeTarget;
			buildConfigurationList = B6B195882E45E9630007FEED /* Build configuration list for PBXNativeTarget "Trip Split BillUITests" */;
			buildPhases = (
				B6B195742E45E9630007FEED /* Sources */,
				B6B195752E45E9630007FEED /* Frameworks */,
				B6B195762E45E9630007FEED /* Resources */,
			);
			buildRules = (
			);
			dependencies = (
				B6B1957A2E45E9630007FEED /* PBXTargetDependency */,
			);
			fileSystemSynchronizedGroups = (
				B6B1957B2E45E9630007FEED /* Trip Split BillUITests */,
			);
			name = "Trip Split BillUITests";
			packageProductDependencies = (
			);
			productName = "Trip Split BillUITests";
			productReference = B6B195782E45E9630007FEED /* Trip Split BillUITests.xctest */;
			productType = "com.apple.product-type.bundle.ui-testing";
		};
/* End PBXNativeTarget section */

/* Begin PBXProject section */
		B6B195592E45E9620007FEED /* Project object */ = {
			isa = PBXProject;
			attributes = {
				BuildIndependentTargetsInParallel = 1;
				LastSwiftUpdateCheck = 1640;
				LastUpgradeCheck = 1640;
				TargetAttributes = {
					B6B195602E45E9620007FEED = {
						CreatedOnToolsVersion = 16.4;
					};
					B6B1956D2E45E9630007FEED = {
						CreatedOnToolsVersion = 16.4;
						TestTargetID = B6B195602E45E9620007FEED;
					};
					B6B195772E45E9630007FEED = {
						CreatedOnToolsVersion = 16.4;
						TestTargetID = B6B195602E45E9620007FEED;
					};
				};
			};
			buildConfigurationList = B6B1955C2E45E9620007FEED /* Build configuration list for PBXProject "Trip Split Bill" */;
			developmentRegion = en;
			hasScannedForEncodings = 0;
			knownRegions = (
				en,
				Base,
			);
			mainGroup = B6B195582E45E9620007FEED;
			minimizedProjectReferenceProxies = 1;
			preferredProjectObjectVersion = 77;
			productRefGroup = B6B195622E45E9620007FEED /* Products */;
			projectDirPath = "";
			projectRoot = "";
			targets = (
				B6B195602E45E9620007FEED /* Trip Split Bill */,
				B6B1956D2E45E9630007FEED /* Trip Split BillTests */,
				B6B195772E45E9630007FEED /* Trip Split BillUITests */,
			);
		};
/* End PBXProject section */

/* Begin PBXResourcesBuildPhase section */
		B6B1955F2E45E9620007FEED /* Resources */ = {
			isa = PBXResourcesBuildPhase;
			buildActionMask = 2147483647;
			files = (
			);
			runOnlyForDeploymentPostprocessing = 0;
		};
		B6B1956C2E45E9630007FEED /* Resources */ = {
			isa = PBXResourcesBuildPhase;
			buildActionMask = 2147483647;
			files = (
			);
			runOnlyForDeploymentPostprocessing = 0;
		};
		B6B195762E45E9630007FEED /* Resources */ = {
			isa = PBXResourcesBuildPhase;
			buildActionMask = 2147483647;
			files = (
			);
			runOnlyForDeploymentPostprocessing = 0;
		};
/* End PBXResourcesBuildPhase section */

/* Begin PBXSourcesBuildPhase section */
		B6B1955D2E45E9620007FEED /* Sources */ = {
			isa = PBXSourcesBuildPhase;
			buildActionMask = 2147483647;
			files = (
			);
			runOnlyForDeploymentPostprocessing = 0;
		};
		B6B1956A2E45E9630007FEED /* Sources */ = {
			isa = PBXSourcesBuildPhase;
			buildActionMask = 2147483647;
			files = (
			);
			runOnlyForDeploymentPostprocessing = 0;
		};
		B6B195742E45E9630007FEED /* Sources */ = {
			isa = PBXSourcesBuildPhase;
			buildActionMask = 2147483647;
			files = (
			);
			runOnlyForDeploymentPostprocessing = 0;
		};
/* End PBXSourcesBuildPhase section */

/* Begin PBXTargetDependency section */
		B6B195702E45E9630007FEED /* PBXTargetDependency */ = {
			isa = PBXTargetDependency;
			target = B6B195602E45E9620007FEED /* Trip Split Bill */;
			targetProxy = B6B1956F2E45E9630007FEED /* PBXContainerItemProxy */;
		};
		B6B1957A2E45E9630007FEED /* PBXTargetDependency */ = {
			isa = PBXTargetDependency;
			target = B6B195602E45E9620007FEED /* Trip Split Bill */;
			targetProxy = B6B195792E45E9630007FEED /* PBXContainerItemProxy */;
		};
/* End PBXTargetDependency section */

/* Begin XCBuildConfiguration section */
		B6B195802E45E9630007FEED /* Debug */ = {
			isa = XCBuildConfiguration;
			buildSettings = {
				ALWAYS_SEARCH_USER_PATHS = NO;
				ASSETCATALOG_COMPILER_GENERATE_SWIFT_ASSET_SYMBOL_EXTENSIONS = YES;
				CLANG_ANALYZER_NONNULL = YES;
				CLANG_ANALYZER_NUMBER_OBJECT_CONVERSION = YES_AGGRESSIVE;
				CLANG_CXX_LANGUAGE_STANDARD = "gnu++20";
				CLANG_ENABLE_MODULES = YES;
				CLANG_ENABLE_OBJC_ARC = YES;
				CLANG_ENABLE_OBJC_WEAK = YES;
				CLANG_WARN_BLOCK_CAPTURE_AUTORELEASING = YES;
				CLANG_WARN_BOOL_CONVERSION = YES;
				CLANG_WARN_COMMA = YES;
				CLANG_WARN_CONSTANT_CONVERSION = YES;
				CLANG_WARN_DEPRECATED_OBJC_IMPLEMENTATIONS = YES;
				CLANG_WARN_DIRECT_OBJC_ISA_USAGE = YES_ERROR;
				CLANG_WARN_DOCUMENTATION_COMMENTS = YES;
				CLANG_WARN_EMPTY_BODY = YES;
				CLANG_WARN_ENUM_CONVERSION = YES;
				CLANG_WARN_INFINITE_RECURSION = YES;
				CLANG_WARN_INT_CONVERSION = YES;
				CLANG_WARN_NON_LITERAL_NULL_CONVERSION = YES;
				CLANG_WARN_OBJC_IMPLICIT_RETAIN_SELF = YES;
				CLANG_WARN_OBJC_LITERAL_CONVERSION = YES;
				CLANG_WARN_OBJC_ROOT_CLASS = YES_ERROR;
				CLANG_WARN_QUOTED_INCLUDE_IN_FRAMEWORK_HEADER = YES;
				CLANG_WARN_RANGE_LOOP_ANALYSIS = YES;
				CLANG_WARN_STRICT_PROTOTYPES = YES;
				CLANG_WARN_SUSPICIOUS_MOVE = YES;
				CLANG_WARN_UNGUARDED_AVAILABILITY = YES_AGGRESSIVE;
				CLANG_WARN_UNREACHABLE_CODE = YES;
				CLANG_WARN__DUPLICATE_METHOD_MATCH = YES;
				COPY_PHASE_STRIP = NO;
				DEBUG_INFORMATION_FORMAT = dwarf;
				DEVELOPMENT_TEAM = BNZ4CSN8Q9;
				ENABLE_STRICT_OBJC_MSGSEND = YES;
				ENABLE_TESTABILITY = YES;
				ENABLE_USER_SCRIPT_SANDBOXING = YES;
				GCC_C_LANGUAGE_STANDARD = gnu17;
				GCC_DYNAMIC_NO_PIC = NO;
				GCC_NO_COMMON_BLOCKS = YES;
				GCC_OPTIMIZATION_LEVEL = 0;
				GCC_PREPROCESSOR_DEFINITIONS = (
					"DEBUG=1",
					"$(inherited)",
				);
				GCC_WARN_64_TO_32_BIT_CONVERSION = YES;
				GCC_WARN_ABOUT_RETURN_TYPE = YES_ERROR;
				GCC_WARN_UNDECLARED_SELECTOR = YES;
				GCC_WARN_UNINITIALIZED_AUTOS = YES_AGGRESSIVE;
				GCC_WARN_UNUSED_FUNCTION = YES;
				GCC_WARN_UNUSED_VARIABLE = YES;
				IPHONEOS_DEPLOYMENT_TARGET = 18.5;
				LOCALIZATION_PREFERS_STRING_CATALOGS = YES;
				MTL_ENABLE_DEBUG_INFO = INCLUDE_SOURCE;
				MTL_FAST_MATH = YES;
				ONLY_ACTIVE_ARCH = YES;
				SDKROOT = iphoneos;
				SWIFT_ACTIVE_COMPILATION_CONDITIONS = "DEBUG $(inherited)";
				SWIFT_OPTIMIZATION_LEVEL = "-Onone";
			};
			name = Debug;
		};
		B6B195812E45E9630007FEED /* Release */ = {
			isa = XCBuildConfiguration;
			buildSettings = {
				ALWAYS_SEARCH_USER_PATHS = NO;
				ASSETCATALOG_COMPILER_GENERATE_SWIFT_ASSET_SYMBOL_EXTENSIONS = YES;
				CLANG_ANALYZER_NONNULL = YES;
				CLANG_ANALYZER_NUMBER_OBJECT_CONVERSION = YES_AGGRESSIVE;
				CLANG_CXX_LANGUAGE_STANDARD = "gnu++20";
				CLANG_ENABLE_MODULES = YES;
				CLANG_ENABLE_OBJC_ARC = YES;
				CLANG_ENABLE_OBJC_WEAK = YES;
				CLANG_WARN_BLOCK_CAPTURE_AUTORELEASING = YES;
				CLANG_WARN_BOOL_CONVERSION = YES;
				CLANG_WARN_COMMA = YES;
				CLANG_WARN_CONSTANT_CONVERSION = YES;
				CLANG_WARN_DEPRECATED_OBJC_IMPLEMENTATIONS = YES;
				CLANG_WARN_DIRECT_OBJC_ISA_USAGE = YES_ERROR;
				CLANG_WARN_DOCUMENTATION_COMMENTS = YES;
				CLANG_WARN_EMPTY_BODY = YES;
				CLANG_WARN_ENUM_CONVERSION = YES;
				CLANG_WARN_INFINITE_RECURSION = YES;
				CLANG_WARN_INT_CONVERSION = YES;
				CLANG_WARN_NON_LITERAL_NULL_CONVERSION = YES;
				CLANG_WARN_OBJC_IMPLICIT_RETAIN_SELF = YES;
				CLANG_WARN_OBJC_LITERAL_CONVERSION = YES;
				CLANG_WARN_OBJC_ROOT_CLASS = YES_ERROR;
				CLANG_WARN_QUOTED_INCLUDE_IN_FRAMEWORK_HEADER = YES;
				CLANG_WARN_RANGE_LOOP_ANALYSIS = YES;
				CLANG_WARN_STRICT_PROTOTYPES = YES;
				CLANG_WARN_SUSPICIOUS_MOVE = YES;
				CLANG_WARN_UNGUARDED_AVAILABILITY = YES_AGGRESSIVE;
				CLANG_WARN_UNREACHABLE_CODE = YES;
				CLANG_WARN__DUPLICATE_METHOD_MATCH = YES;
				COPY_PHASE_STRIP = NO;
				DEBUG_INFORMATION_FORMAT = "dwarf-with-dsym";
				DEVELOPMENT_TEAM = BNZ4CSN8Q9;
				ENABLE_NS_ASSERTIONS = NO;
				ENABLE_STRICT_OBJC_MSGSEND = YES;
				ENABLE_USER_SCRIPT_SANDBOXING = YES;
				GCC_C_LANGUAGE_STANDARD = gnu17;
				GCC_NO_COMMON_BLOCKS = YES;
				GCC_WARN_64_TO_32_BIT_CONVERSION = YES;
				GCC_WARN_ABOUT_RETURN_TYPE = YES_ERROR;
				GCC_WARN_UNDECLARED_SELECTOR = YES;
				GCC_WARN_UNINITIALIZED_AUTOS = YES_AGGRESSIVE;
				GCC_WARN_UNUSED_FUNCTION = YES;
				GCC_WARN_UNUSED_VARIABLE = YES;
				IPHONEOS_DEPLOYMENT_TARGET = 18.5;
				LOCALIZATION_PREFERS_STRING_CATALOGS = YES;
				MTL_ENABLE_DEBUG_INFO = NO;
				MTL_FAST_MATH = YES;
				SDKROOT = iphoneos;
				SWIFT_COMPILATION_MODE = wholemodule;
				VALIDATE_PRODUCT = YES;
			};
			name = Release;
		};
		B6B195832E45E9630007FEED /* Debug */ = {
			isa = XCBuildConfiguration;
			buildSettings = {
				ASSETCATALOG_COMPILER_APPICON_NAME = AppIcon;
				ASSETCATALOG_COMPILER_GLOBAL_ACCENT_COLOR_NAME = AccentColor;
				CODE_SIGN_STYLE = Automatic;
				CURRENT_PROJECT_VERSION = 1;
				DEVELOPMENT_TEAM = BNZ4CSN8Q9;
				ENABLE_PREVIEWS = YES;
				GENERATE_INFOPLIST_FILE = YES;
				INFOPLIST_KEY_UIApplicationSceneManifest_Generation = YES;
				INFOPLIST_KEY_UIApplicationSupportsIndirectInputEvents = YES;
				INFOPLIST_KEY_UILaunchScreen_Generation = YES;
				INFOPLIST_KEY_UISupportedInterfaceOrientations_iPad = "UIInterfaceOrientationPortrait UIInterfaceOrientationPortraitUpsideDown UIInterfaceOrientationLandscapeLeft UIInterfaceOrientationLandscapeRight";
				INFOPLIST_KEY_UISupportedInterfaceOrientations_iPhone = "UIInterfaceOrientationPortrait UIInterfaceOrientationLandscapeLeft UIInterfaceOrientationLandscapeRight";
				LD_RUNPATH_SEARCH_PATHS = (
					"$(inherited)",
					"@executable_path/Frameworks",
				);
				MARKETING_VERSION = 1.0;
				PRODUCT_BUNDLE_IDENTIFIER = "com.example.apple-samplecode.Trip-Split-Bill";
				PRODUCT_NAME = "$(TARGET_NAME)";
				SWIFT_EMIT_LOC_STRINGS = YES;
				SWIFT_VERSION = 5.0;
				TARGETED_DEVICE_FAMILY = "1,2";
			};
			name = Debug;
		};
		B6B195842E45E9630007FEED /* Release */ = {
			isa = XCBuildConfiguration;
			buildSettings = {
				ASSETCATALOG_COMPILER_APPICON_NAME = AppIcon;
				ASSETCATALOG_COMPILER_GLOBAL_ACCENT_COLOR_NAME = AccentColor;
				CODE_SIGN_STYLE = Automatic;
				CURRENT_PROJECT_VERSION = 1;
				DEVELOPMENT_TEAM = BNZ4CSN8Q9;
				ENABLE_PREVIEWS = YES;
				GENERATE_INFOPLIST_FILE = YES;
				INFOPLIST_KEY_UIApplicationSceneManifest_Generation = YES;
				INFOPLIST_KEY_UIApplicationSupportsIndirectInputEvents = YES;
				INFOPLIST_KEY_UILaunchScreen_Generation = YES;
				INFOPLIST_KEY_UISupportedInterfaceOrientations_iPad = "UIInterfaceOrientationPortrait UIInterfaceOrientationPortraitUpsideDown UIInterfaceOrientationLandscapeLeft UIInterfaceOrientationLandscapeRight";
				INFOPLIST_KEY_UISupportedInterfaceOrientations_iPhone = "UIInterfaceOrientationPortrait UIInterfaceOrientationLandscapeLeft UIInterfaceOrientationLandscapeRight";
				LD_RUNPATH_SEARCH_PATHS = (
					"$(inherited)",
					"@executable_path/Frameworks",
				);
				MARKETING_VERSION = 1.0;
				PRODUCT_BUNDLE_IDENTIFIER = "com.example.apple-samplecode.Trip-Split-Bill";
				PRODUCT_NAME = "$(TARGET_NAME)";
				SWIFT_EMIT_LOC_STRINGS = YES;
				SWIFT_VERSION = 5.0;
				TARGETED_DEVICE_FAMILY = "1,2";
			};
			name = Release;
		};
		B6B195862E45E9630007FEED /* Debug */ = {
			isa = XCBuildConfiguration;
			buildSettings = {
				BUNDLE_LOADER = "$(TEST_HOST)";
				CODE_SIGN_STYLE = Automatic;
				CURRENT_PROJECT_VERSION = 1;
				DEVELOPMENT_TEAM = BNZ4CSN8Q9;
				GENERATE_INFOPLIST_FILE = YES;
				IPHONEOS_DEPLOYMENT_TARGET = 18.5;
				MARKETING_VERSION = 1.0;
				PRODUCT_BUNDLE_IDENTIFIER = "com.example.apple-samplecode.Trip-Split-BillTests";
				PRODUCT_NAME = "$(TARGET_NAME)";
				SWIFT_EMIT_LOC_STRINGS = NO;
				SWIFT_VERSION = 5.0;
				TARGETED_DEVICE_FAMILY = "1,2";
				TEST_HOST = "$(BUILT_PRODUCTS_DIR)/Trip Split Bill.app/$(BUNDLE_EXECUTABLE_FOLDER_PATH)/Trip Split Bill";
			};
			name = Debug;
		};
		B6B195872E45E9630007FEED /* Release */ = {
			isa = XCBuildConfiguration;
			buildSettings = {
				BUNDLE_LOADER = "$(TEST_HOST)";
				CODE_SIGN_STYLE = Automatic;
				CURRENT_PROJECT_VERSION = 1;
				DEVELOPMENT_TEAM = BNZ4CSN8Q9;
				GENERATE_INFOPLIST_FILE = YES;
				IPHONEOS_DEPLOYMENT_TARGET = 18.5;
				MARKETING_VERSION = 1.0;
				PRODUCT_BUNDLE_IDENTIFIER = "com.example.apple-samplecode.Trip-Split-BillTests";
				PRODUCT_NAME = "$(TARGET_NAME)";
				SWIFT_EMIT_LOC_STRINGS = NO;
				SWIFT_VERSION = 5.0;
				TARGETED_DEVICE_FAMILY = "1,2";
				TEST_HOST = "$(BUILT_PRODUCTS_DIR)/Trip Split Bill.app/$(BUNDLE_EXECUTABLE_FOLDER_PATH)/Trip Split Bill";
			};
			name = Release;
		};
		B6B195892E45E9630007FEED /* Debug */ = {
			isa = XCBuildConfiguration;
			buildSettings = {
				CODE_SIGN_STYLE = Automatic;
				CURRENT_PROJECT_VERSION = 1;
				DEVELOPMENT_TEAM = BNZ4CSN8Q9;
				GENERATE_INFOPLIST_FILE = YES;
				MARKETING_VERSION = 1.0;
				PRODUCT_BUNDLE_IDENTIFIER = "com.example.apple-samplecode.Trip-Split-BillUITests";
				PRODUCT_NAME = "$(TARGET_NAME)";
				SWIFT_EMIT_LOC_STRINGS = NO;
				SWIFT_VERSION = 5.0;
				TARGETED_DEVICE_FAMILY = "1,2";
				TEST_TARGET_NAME = "Trip Split Bill";
			};
			name = Debug;
		};
		B6B1958A2E45E9630007FEED /* Release */ = {
			isa = XCBuildConfiguration;
			buildSettings = {
				CODE_SIGN_STYLE = Automatic;
				CURRENT_PROJECT_VERSION = 1;
				DEVELOPMENT_TEAM = BNZ4CSN8Q9;
				GENERATE_INFOPLIST_FILE = YES;
				MARKETING_VERSION = 1.0;
				PRODUCT_BUNDLE_IDENTIFIER = "com.example.apple-samplecode.Trip-Split-BillUITests";
				PRODUCT_NAME = "$(TARGET_NAME)";
				SWIFT_EMIT_LOC_STRINGS = NO;
				SWIFT_VERSION = 5.0;
				TARGETED_DEVICE_FAMILY = "1,2";
				TEST_TARGET_NAME = "Trip Split Bill";
			};
			name = Release;
		};
/* End XCBuildConfiguration section */

/* Begin XCConfigurationList section */
		B6B1955C2E45E9620007FEED /* Build configuration list for PBXProject "Trip Split Bill" */ = {
			isa = XCConfigurationList;
			buildConfigurations = (
				B6B195802E45E9630007FEED /* Debug */,
				B6B195812E45E9630007FEED /* Release */,
			);
			defaultConfigurationIsVisible = 0;
			defaultConfigurationName = Release;
		};
		B6B195822E45E9630007FEED /* Build configuration list for PBXNativeTarget "Trip Split Bill" */ = {
			isa = XCConfigurationList;
			buildConfigurations = (
				B6B195832E45E9630007FEED /* Debug */,
				B6B195842E45E9630007FEED /* Release */,
			);
			defaultConfigurationIsVisible = 0;
			defaultConfigurationName = Release;
		};
		B6B195852E45E9630007FEED /* Build configuration list for PBXNativeTarget "Trip Split BillTests" */ = {
			isa = XCConfigurationList;
			buildConfigurations = (
				B6B195862E45E9630007FEED /* Debug */,
				B6B195872E45E9630007FEED /* Release */,
			);
			defaultConfigurationIsVisible = 0;
			defaultConfigurationName = Release;
		};
		B6B195882E45E9630007FEED /* Build configuration list for PBXNativeTarget "Trip Split BillUITests" */ = {
			isa = XCConfigurationList;
			buildConfigurations = (
				B6B195892E45E9630007FEED /* Debug */,
				B6B1958A2E45E9630007FEED /* Release */,
			);
			defaultConfigurationIsVisible = 0;
			defaultConfigurationName = Release;
		};
/* End XCConfigurationList section */
	};
	rootObject = B6B195592E45E9620007FEED /* Project object */;
}
